
Microsoft Visual Studio Solution File, Format Version 12.00
# Visual Studio Version 16
VisualStudioVersion = 16.0.31624.102
MinimumVisualStudioVersion = 10.0.40219.1
Project("{FAE04EC0-301F-11D3-BF4B-00C04F79EFBC}") = "ReCapProject.Data.Entities", "ReCapProject.Data.Entities\ReCapProject.Data.Entities.csproj", "{1A904D54-2D1D-42A1-85C4-450428014E5B}"
EndProject
Project("{FAE04EC0-301F-11D3-BF4B-00C04F79EFBC}") = "ReCapProject.Data.Access.Abstracts", "ReCapProject.Data.Access.Abstracts\ReCapProject.Data.Access.Abstracts.csproj", "{80F5F783-E46B-4040-B8D3-60CB26C30BD1}"
EndProject
Project("{FAE04EC0-301F-11D3-BF4B-00C04F79EFBC}") = "ReCapProject.Data.Access", "ReCapProject.Data.Access.InMemory\ReCapProject.Data.Access.csproj", "{7EA294D1-A2B7-4F73-B3F3-57803433D07F}"
EndProject
Project("{FAE04EC0-301F-11D3-BF4B-00C04F79EFBC}") = "ReCapProject.Business.Abstracts", "ReCapProject.Business.Abstracts\ReCapProject.Business.Abstracts.csproj", "{91375CD9-3764-4C78-816E-CFD4FA5737F7}"
EndProject
Project("{FAE04EC0-301F-11D3-BF4B-00C04F79EFBC}") = "ReCapProject.Business", "ReCapProject.Business\ReCapProject.Business.csproj", "{955EDBD4-77D0-43DE-9AF5-302BF27D41FD}"
EndProject
Project("{FAE04EC0-301F-11D3-BF4B-00C04F79EFBC}") = "ReCapProject.ConsoleApp", "ReCapProject.ConsoleApp\ReCapProject.ConsoleApp.csproj", "{7124B7CC-8B05-4E69-988A-1AB4E51BC28C}"
EndProject
Global
	GlobalSection(SolutionConfigurationPlatforms) = preSolution
		Debug|Any CPU = Debug|Any CPU
		Release|Any CPU = Release|Any CPU
	EndGlobalSection
	GlobalSection(ProjectConfigurationPlatforms) = postSolution
		{1A904D54-2D1D-42A1-85C4-450428014E5B}.Debug|Any CPU.ActiveCfg = Debug|Any CPU
		{1A904D54-2D1D-42A1-85C4-450428014E5B}.Debug|Any CPU.Build.0 = Debug|Any CPU
		{1A904D54-2D1D-42A1-85C4-450428014E5B}.Release|Any CPU.ActiveCfg = Release|Any CPU
		{1A904D54-2D1D-42A1-85C4-450428014E5B}.Release|Any CPU.Build.0 = Release|Any CPU
		{80F5F783-E46B-4040-B8D3-60CB26C30BD1}.Debug|Any CPU.ActiveCfg = Debug|Any CPU
		{80F5F783-E46B-4040-B8D3-60CB26C30BD1}.Debug|Any CPU.Build.0 = Debug|Any CPU
		{80F5F783-E46B-4040-B8D3-60CB26C30BD1}.Release|Any CPU.ActiveCfg = Release|Any CPU
		{80F5F783-E46B-4040-B8D3-60CB26C30BD1}.Release|Any CPU.Build.0 = Release|Any CPU
		{7EA294D1-A2B7-4F73-B3F3-57803433D07F}.Debug|Any CPU.ActiveCfg = Debug|Any CPU
		{7EA294D1-A2B7-4F73-B3F3-57803433D07F}.Debug|Any CPU.Build.0 = Debug|Any CPU
		{7EA294D1-A2B7-4F73-B3F3-57803433D07F}.Release|Any CPU.ActiveCfg = Release|Any CPU
		{7EA294D1-A2B7-4F73-B3F3-57803433D07F}.Release|Any CPU.Build.0 = Release|Any CPU
		{91375CD9-3764-4C78-816E-CFD4FA5737F7}.Debug|Any CPU.ActiveCfg = Debug|Any CPU
		{91375CD9-3764-4C78-816E-CFD4FA5737F7}.Debug|Any CPU.Build.0 = Debug|Any CPU
		{91375CD9-3764-4C78-816E-CFD4FA5737F7}.Release|Any CPU.ActiveCfg = Release|Any CPU
		{91375CD9-3764-4C78-816E-CFD4FA5737F7}.Release|Any CPU.Build.0 = Release|Any CPU
		{955EDBD4-77D0-43DE-9AF5-302BF27D41FD}.Debug|Any CPU.ActiveCfg = Debug|Any CPU
		{955EDBD4-77D0-43DE-9AF5-302BF27D41FD}.Debug|Any CPU.Build.0 = Debug|Any CPU
		{955EDBD4-77D0-43DE-9AF5-302BF27D41FD}.Release|Any CPU.ActiveCfg = Release|Any CPU
		{955EDBD4-77D0-43DE-9AF5-302BF27D41FD}.Release|Any CPU.Build.0 = Release|Any CPU
		{7124B7CC-8B05-4E69-988A-1AB4E51BC28C}.Debug|Any CPU.ActiveCfg = Debug|Any CPU
		{7124B7CC-8B05-4E69-988A-1AB4E51BC28C}.Debug|Any CPU.Build.0 = Debug|Any CPU
		{7124B7CC-8B05-4E69-988A-1AB4E51BC28C}.Release|Any CPU.ActiveCfg = Release|Any CPU
		{7124B7CC-8B05-4E69-988A-1AB4E51BC28C}.Release|Any CPU.Build.0 = Release|Any CPU
	EndGlobalSection
	GlobalSection(SolutionProperties) = preSolution
		HideSolutionNode = FALSE
	EndGlobalSection
	GlobalSection(ExtensibilityGlobals) = postSolution
		SolutionGuid = {CA9224FE-C497-4A6A-AF04-B16C8A6EDD8E}
	EndGlobalSection
EndGlobal
