
Microsoft Visual Studio Solution File, Format Version 12.00
# Visual Studio Version 17
VisualStudioVersion = 17.0.32014.148
MinimumVisualStudioVersion = 10.0.40219.1
Project("{9A19103F-16F7-4668-BE54-9A1E7A4F7556}") = "ReCapProject.Data.Entities", "ReCapProject.Data.Entities\ReCapProject.Data.Entities.csproj", "{1A904D54-2D1D-42A1-85C4-450428014E5B}"
EndProject
Project("{9A19103F-16F7-4668-BE54-9A1E7A4F7556}") = "ReCapProject.Business", "ReCapProject.Business\ReCapProject.Business.csproj", "{955EDBD4-77D0-43DE-9AF5-302BF27D41FD}"
EndProject
Project("{9A19103F-16F7-4668-BE54-9A1E7A4F7556}") = "ReCapProject.ConsoleApp", "ReCapProject.ConsoleApp\ReCapProject.ConsoleApp.csproj", "{7124B7CC-8B05-4E69-988A-1AB4E51BC28C}"
EndProject
Project("{9A19103F-16F7-4668-BE54-9A1E7A4F7556}") = "ReCapProject.Core", "ReCapProject.Core\ReCapProject.Core.csproj", "{D5109349-CDBF-4B96-943E-AE989EBFFBD1}"
EndProject
Project("{9A19103F-16F7-4668-BE54-9A1E7A4F7556}") = "ReCapProject.Data.Access", "ReCapProject.Data.Access\ReCapProject.Data.Access.csproj", "{DE7C0878-81DE-4CD9-813E-638EC8C7BAE1}"
EndProject
Project("{9A19103F-16F7-4668-BE54-9A1E7A4F7556}") = "ReCapProject.WebAPI", "ReCapProject.WebAPI\ReCapProject.WebAPI.csproj", "{54B9245F-2ABD-4970-BC19-00DDDEF1D58D}"
EndProject
Global
	GlobalSection(SolutionConfigurationPlatforms) = preSolution
		Debug|Any CPU = Debug|Any CPU
		Release|Any CPU = Release|Any CPU
	EndGlobalSection
	GlobalSection(ProjectConfigurationPlatforms) = postSolution
		{1A904D54-2D1D-42A1-85C4-450428014E5B}.Debug|Any CPU.ActiveCfg = Debug|Any CPU
		{1A904D54-2D1D-42A1-85C4-450428014E5B}.Debug|Any CPU.Build.0 = Debug|Any CPU
		{1A904D54-2D1D-42A1-85C4-450428014E5B}.Release|Any CPU.ActiveCfg = Release|Any CPU
		{1A904D54-2D1D-42A1-85C4-450428014E5B}.Release|Any CPU.Build.0 = Release|Any CPU
		{955EDBD4-77D0-43DE-9AF5-302BF27D41FD}.Debug|Any CPU.ActiveCfg = Debug|Any CPU
		{955EDBD4-77D0-43DE-9AF5-302BF27D41FD}.Debug|Any CPU.Build.0 = Debug|Any CPU
		{955EDBD4-77D0-43DE-9AF5-302BF27D41FD}.Release|Any CPU.ActiveCfg = Release|Any CPU
		{955EDBD4-77D0-43DE-9AF5-302BF27D41FD}.Release|Any CPU.Build.0 = Release|Any CPU
		{7124B7CC-8B05-4E69-988A-1AB4E51BC28C}.Debug|Any CPU.ActiveCfg = Debug|Any CPU
		{7124B7CC-8B05-4E69-988A-1AB4E51BC28C}.Debug|Any CPU.Build.0 = Debug|Any CPU
		{7124B7CC-8B05-4E69-988A-1AB4E51BC28C}.Release|Any CPU.ActiveCfg = Release|Any CPU
		{7124B7CC-8B05-4E69-988A-1AB4E51BC28C}.Release|Any CPU.Build.0 = Release|Any CPU
		{D5109349-CDBF-4B96-943E-AE989EBFFBD1}.Debug|Any CPU.ActiveCfg = Debug|Any CPU
		{D5109349-CDBF-4B96-943E-AE989EBFFBD1}.Debug|Any CPU.Build.0 = Debug|Any CPU
		{D5109349-CDBF-4B96-943E-AE989EBFFBD1}.Release|Any CPU.ActiveCfg = Release|Any CPU
		{D5109349-CDBF-4B96-943E-AE989EBFFBD1}.Release|Any CPU.Build.0 = Release|Any CPU
		{DE7C0878-81DE-4CD9-813E-638EC8C7BAE1}.Debug|Any CPU.ActiveCfg = Debug|Any CPU
		{DE7C0878-81DE-4CD9-813E-638EC8C7BAE1}.Debug|Any CPU.Build.0 = Debug|Any CPU
		{DE7C0878-81DE-4CD9-813E-638EC8C7BAE1}.Release|Any CPU.ActiveCfg = Release|Any CPU
		{DE7C0878-81DE-4CD9-813E-638EC8C7BAE1}.Release|Any CPU.Build.0 = Release|Any CPU
		{54B9245F-2ABD-4970-BC19-00DDDEF1D58D}.Debug|Any CPU.ActiveCfg = Debug|Any CPU
		{54B9245F-2ABD-4970-BC19-00DDDEF1D58D}.Debug|Any CPU.Build.0 = Debug|Any CPU
		{54B9245F-2ABD-4970-BC19-00DDDEF1D58D}.Release|Any CPU.ActiveCfg = Release|Any CPU
		{54B9245F-2ABD-4970-BC19-00DDDEF1D58D}.Release|Any CPU.Build.0 = Release|Any CPU
	EndGlobalSection
	GlobalSection(SolutionProperties) = preSolution
		HideSolutionNode = FALSE
	EndGlobalSection
	GlobalSection(ExtensibilityGlobals) = postSolution
		SolutionGuid = {CA9224FE-C497-4A6A-AF04-B16C8A6EDD8E}
	EndGlobalSection
EndGlobal
